
Microsoft Visual Studio Solution File, Format Version 12.00
# Visual Studio Version 17
VisualStudioVersion = 17.6.33513.286
MinimumVisualStudioVersion = 10.0.40219.1
Project("{9A19103F-16F7-4668-BE54-9A1E7A4F7556}") = "PandorasBox", "PandorasBox\PandorasBox.csproj", "{910E17C8-A0DF-4131-B610-CD387C19035D}"
EndProject
Project("{9A19103F-16F7-4668-BE54-9A1E7A4F7556}") = "PunishLib", "PunishLib\PunishLib\PunishLib.csproj", "{FCF7C2E0-0B83-4B60-A895-7235FE0AA7B0}"
EndProject
Global
	GlobalSection(SolutionConfigurationPlatforms) = preSolution
		Debug|Any CPU = Debug|Any CPU
		Debug|x64 = Debug|x64
		DebugForms|Any CPU = DebugForms|Any CPU
		DebugForms|x64 = DebugForms|x64
		Release|Any CPU = Release|Any CPU
		Release|x64 = Release|x64
		ReleaseForms|Any CPU = ReleaseForms|Any CPU
		ReleaseForms|x64 = ReleaseForms|x64
	EndGlobalSection
	GlobalSection(ProjectConfigurationPlatforms) = postSolution
		{910E17C8-A0DF-4131-B610-CD387C19035D}.Debug|Any CPU.ActiveCfg = Debug|x64
		{910E17C8-A0DF-4131-B610-CD387C19035D}.Debug|Any CPU.Build.0 = Debug|x64
		{910E17C8-A0DF-4131-B610-CD387C19035D}.Debug|x64.ActiveCfg = Debug|x64
		{910E17C8-A0DF-4131-B610-CD387C19035D}.Debug|x64.Build.0 = Debug|x64
		{910E17C8-A0DF-4131-B610-CD387C19035D}.DebugForms|Any CPU.ActiveCfg = Debug|x64
		{910E17C8-A0DF-4131-B610-CD387C19035D}.DebugForms|Any CPU.Build.0 = Debug|x64
		{910E17C8-A0DF-4131-B610-CD387C19035D}.DebugForms|x64.ActiveCfg = Debug|x64
		{910E17C8-A0DF-4131-B610-CD387C19035D}.DebugForms|x64.Build.0 = Debug|x64
		{910E17C8-A0DF-4131-B610-CD387C19035D}.Release|Any CPU.ActiveCfg = Release|x64
		{910E17C8-A0DF-4131-B610-CD387C19035D}.Release|Any CPU.Build.0 = Release|x64
		{910E17C8-A0DF-4131-B610-CD387C19035D}.Release|x64.ActiveCfg = Release|x64
		{910E17C8-A0DF-4131-B610-CD387C19035D}.Release|x64.Build.0 = Release|x64
		{910E17C8-A0DF-4131-B610-CD387C19035D}.ReleaseForms|Any CPU.ActiveCfg = Release|x64
		{910E17C8-A0DF-4131-B610-CD387C19035D}.ReleaseForms|Any CPU.Build.0 = Release|x64
		{910E17C8-A0DF-4131-B610-CD387C19035D}.ReleaseForms|x64.ActiveCfg = Release|x64
		{910E17C8-A0DF-4131-B610-CD387C19035D}.ReleaseForms|x64.Build.0 = Release|x64
		{FCF7C2E0-0B83-4B60-A895-7235FE0AA7B0}.Debug|Any CPU.ActiveCfg = Debug|x64
		{FCF7C2E0-0B83-4B60-A895-7235FE0AA7B0}.Debug|Any CPU.Build.0 = Debug|x64
		{FCF7C2E0-0B83-4B60-A895-7235FE0AA7B0}.Debug|x64.ActiveCfg = Debug|x64
		{FCF7C2E0-0B83-4B60-A895-7235FE0AA7B0}.Debug|x64.Build.0 = Debug|x64
		{FCF7C2E0-0B83-4B60-A895-7235FE0AA7B0}.DebugForms|Any CPU.ActiveCfg = Debug|x64
		{FCF7C2E0-0B83-4B60-A895-7235FE0AA7B0}.DebugForms|Any CPU.Build.0 = Debug|x64
		{FCF7C2E0-0B83-4B60-A895-7235FE0AA7B0}.DebugForms|x64.ActiveCfg = Debug|x64
		{FCF7C2E0-0B83-4B60-A895-7235FE0AA7B0}.DebugForms|x64.Build.0 = Debug|x64
		{FCF7C2E0-0B83-4B60-A895-7235FE0AA7B0}.Release|Any CPU.ActiveCfg = Release|x64
		{FCF7C2E0-0B83-4B60-A895-7235FE0AA7B0}.Release|Any CPU.Build.0 = Release|x64
		{FCF7C2E0-0B83-4B60-A895-7235FE0AA7B0}.Release|x64.ActiveCfg = Release|x64
		{FCF7C2E0-0B83-4B60-A895-7235FE0AA7B0}.Release|x64.Build.0 = Release|x64
		{FCF7C2E0-0B83-4B60-A895-7235FE0AA7B0}.ReleaseForms|Any CPU.ActiveCfg = Release|x64
		{FCF7C2E0-0B83-4B60-A895-7235FE0AA7B0}.ReleaseForms|Any CPU.Build.0 = Release|x64
		{FCF7C2E0-0B83-4B60-A895-7235FE0AA7B0}.ReleaseForms|x64.ActiveCfg = Release|x64
		{FCF7C2E0-0B83-4B60-A895-7235FE0AA7B0}.ReleaseForms|x64.Build.0 = Release|x64
	EndGlobalSection
	GlobalSection(SolutionProperties) = preSolution
		HideSolutionNode = FALSE
	EndGlobalSection
	GlobalSection(ExtensibilityGlobals) = postSolution
		SolutionGuid = {B17E85B1-5F60-4440-9F9A-3DDE877E8CDF}
	EndGlobalSection
EndGlobal
