
Microsoft Visual Studio Solution File, Format Version 12.00
# Visual Studio Version 17
VisualStudioVersion = 17.6.33513.286
MinimumVisualStudioVersion = 10.0.40219.1
Project("{9A19103F-16F7-4668-BE54-9A1E7A4F7556}") = "PandorasBox", "PunishTemplate\PandorasBox.csproj", "{910E17C8-A0DF-4131-B610-CD387C19035D}"
EndProject
Project("{9A19103F-16F7-4668-BE54-9A1E7A4F7556}") = "ECommons", "ECommons\ECommons\ECommons.csproj", "{1389B772-C3BF-486E-894A-32A2EB962008}"
EndProject
Project("{9A19103F-16F7-4668-BE54-9A1E7A4F7556}") = "PunishLib", "PunishLib\PunishLib\PunishLib.csproj", "{FCF7C2E0-0B83-4B60-A895-7235FE0AA7B0}"
EndProject
Global
	GlobalSection(SolutionConfigurationPlatforms) = preSolution
		Debug|x64 = Debug|x64
		Release|x64 = Release|x64
	EndGlobalSection
	GlobalSection(ProjectConfigurationPlatforms) = postSolution
		{910E17C8-A0DF-4131-B610-CD387C19035D}.Debug|x64.ActiveCfg = Debug|x64
		{910E17C8-A0DF-4131-B610-CD387C19035D}.Debug|x64.Build.0 = Debug|x64
		{910E17C8-A0DF-4131-B610-CD387C19035D}.Release|x64.ActiveCfg = Release|x64
		{910E17C8-A0DF-4131-B610-CD387C19035D}.Release|x64.Build.0 = Release|x64
		{1389B772-C3BF-486E-894A-32A2EB962008}.Debug|x64.ActiveCfg = Debug|x64
		{1389B772-C3BF-486E-894A-32A2EB962008}.Debug|x64.Build.0 = Debug|x64
		{1389B772-C3BF-486E-894A-32A2EB962008}.Release|x64.ActiveCfg = Release|x64
		{1389B772-C3BF-486E-894A-32A2EB962008}.Release|x64.Build.0 = Release|x64
		{FCF7C2E0-0B83-4B60-A895-7235FE0AA7B0}.Debug|x64.ActiveCfg = Debug|x64
		{FCF7C2E0-0B83-4B60-A895-7235FE0AA7B0}.Debug|x64.Build.0 = Debug|x64
		{FCF7C2E0-0B83-4B60-A895-7235FE0AA7B0}.Release|x64.ActiveCfg = Release|x64
		{FCF7C2E0-0B83-4B60-A895-7235FE0AA7B0}.Release|x64.Build.0 = Release|x64
	EndGlobalSection
	GlobalSection(SolutionProperties) = preSolution
		HideSolutionNode = FALSE
	EndGlobalSection
	GlobalSection(ExtensibilityGlobals) = postSolution
		SolutionGuid = {B17E85B1-5F60-4440-9F9A-3DDE877E8CDF}
	EndGlobalSection
EndGlobal
