{
  "version": 1,
  "dependencies": {
    "net7.0-windows7.0": {
      "Dalamud.ContextMenu": {
        "type": "Direct",
        "requested": "[1.2.3, )",
        "resolved": "1.2.3",
        "contentHash": "ydemplF7DNcA/LLeongDVzWUD/JV0Fw3EwA2+P0jYq3Le2ZYSt4U8qyJq4FyoChqt0lFG8BxYCAzfeWp4Jmnqw=="
      },
      "DalamudPackager": {
        "type": "Direct",
        "requested": "[2.1.11, )",
        "resolved": "2.1.11",
        "contentHash": "9qlAWoRRTiL/geAvuwR/g6Bcbrd/bJJgVnB/RurBiyKs6srsP0bvpoo8IK+Eg8EA6jWeM6/YJWs66w4FIAzqPw=="
      },
      "ILRepack": {
        "type": "Transitive",
        "resolved": "2.0.18",
        "contentHash": "sR5Aj3JLDbA8JwESfWYfigSz5k1oNSHPN434W1LX8sboWJYEOSQP/KkvZGmJKPgajzSUKkl2jDar3LPZiMFU4Q=="
      },
      "Reloaded.Memory": {
        "type": "Transitive",
        "resolved": "7.1.0",
        "contentHash": "4Y5tCsRWdW/shj9W7RqJq37LStuW1VVtjxsBp4LKZilPcjudeQg9k+u+6fnDgacCEJiG3S2EtcaiNtVMTdaSnQ=="
      },
      "Serilog": {
        "type": "Transitive",
        "resolved": "2.11.0",
        "contentHash": "ysv+hBzTul6Dp+Hvm10FlhJO3yMQcFKSAleus+LpiIzvNstpeV4Z7gGuIZ1OPNfIMulSHOjmLuGAEDKzpnV8ZQ=="
      },
      "clicklib": {
        "type": "Project",
        "dependencies": {
          "ILRepack": "[2.0.18, )",
          "Reloaded.Memory": "[7.1.0, )"
        }
      },
      "ecommons": {
        "type": "Project"
      },
      "ffxivclientstructs": {
        "type": "Project",
        "dependencies": {
          "Serilog": "[2.11.0, )"
        }
      },
      "punishlib": {
        "type": "Project"
      }
    }
  }
}