Microsoft Visual Studio Solution File, Format Version 12.00
# Visual Studio Version 17
VisualStudioVersion = 17.5.2.0
MinimumVisualStudioVersion = 10.0.40219.1
Project("{FAE04EC0-301F-11D3-BF4B-00C04F79EFBC}") = "PandorasBox", "PandorasBox.csproj", "{3BED0A48-7DBE-C3B8-C996-5905FF5E34E3}"
EndProject
Global
	GlobalSection(SolutionConfigurationPlatforms) = preSolution
		Debug|Any CPU = Debug|Any CPU
		Release|Any CPU = Release|Any CPU
	EndGlobalSection
	GlobalSection(ProjectConfigurationPlatforms) = postSolution
		{3BED0A48-7DBE-C3B8-C996-5905FF5E34E3}.Debug|Any CPU.ActiveCfg = Debug|Any CPU
		{3BED0A48-7DBE-C3B8-C996-5905FF5E34E3}.Debug|Any CPU.Build.0 = Debug|Any CPU
		{3BED0A48-7DBE-C3B8-C996-5905FF5E34E3}.Release|Any CPU.ActiveCfg = Release|Any CPU
		{3BED0A48-7DBE-C3B8-C996-5905FF5E34E3}.Release|Any CPU.Build.0 = Release|Any CPU
	EndGlobalSection
	GlobalSection(SolutionProperties) = preSolution
		HideSolutionNode = FALSE
	EndGlobalSection
	GlobalSection(ExtensibilityGlobals) = postSolution
		SolutionGuid = {7EABF9EB-738B-4EFD-A331-FB26F39D5C08}
	EndGlobalSection
EndGlobal
